
Microsoft Visual Studio Solution File, Format Version 12.00
# Visual Studio Version 16
VisualStudioVersion = 16.0.30320.27
MinimumVisualStudioVersion = 10.0.40219.1
Project("{FAE04EC0-301F-11D3-BF4B-00C04F79EFBC}") = "BetterTrucksDeployTest", "BetterTrucksDeployTest\BetterTrucksDeployTest.csproj", "{381B17F4-6655-42B4-9A0A-3261A4D42561}"
EndProject
Global
	GlobalSection(SolutionConfigurationPlatforms) = preSolution
		Debug|Any CPU = Debug|Any CPU
		Release|Any CPU = Release|Any CPU
	EndGlobalSection
	GlobalSection(ProjectConfigurationPlatforms) = postSolution
		{381B17F4-6655-42B4-9A0A-3261A4D42561}.Debug|Any CPU.ActiveCfg = Debug|Any CPU
		{381B17F4-6655-42B4-9A0A-3261A4D42561}.Debug|Any CPU.Build.0 = Debug|Any CPU
		{381B17F4-6655-42B4-9A0A-3261A4D42561}.Release|Any CPU.ActiveCfg = Release|Any CPU
		{381B17F4-6655-42B4-9A0A-3261A4D42561}.Release|Any CPU.Build.0 = Release|Any CPU
	EndGlobalSection
	GlobalSection(SolutionProperties) = preSolution
		HideSolutionNode = FALSE
	EndGlobalSection
	GlobalSection(ExtensibilityGlobals) = postSolution
		SolutionGuid = {9E8E67D5-9D52-4B86-9821-4AB64825498D}
	EndGlobalSection
EndGlobal
